
Microsoft Visual Studio Solution File, Format Version 12.00
# Visual Studio 15
VisualStudioVersion = 15.0.27703.2042
MinimumVisualStudioVersion = 10.0.40219.1
Project("{9A19103F-16F7-4668-BE54-9A1E7A4F7556}") = "ServiceProvider", "ServiceProvider\ServiceProvider.csproj", "{1E35DF2E-BBA2-495C-A0FD-CD36D7C9AB55}"
EndProject
Project("{FAE04EC0-301F-11D3-BF4B-00C04F79EFBC}") = "ServiceProvider.PactTest", "ServiceProvider.PactTest\ServiceProvider.PactTest.csproj", "{736875F4-5B3F-4726-A43F-9143CC8F390A}"
EndProject
Global
	GlobalSection(SolutionConfigurationPlatforms) = preSolution
		Debug|Any CPU = Debug|Any CPU
		Release|Any CPU = Release|Any CPU
	EndGlobalSection
	GlobalSection(ProjectConfigurationPlatforms) = postSolution
		{1E35DF2E-BBA2-495C-A0FD-CD36D7C9AB55}.Debug|Any CPU.ActiveCfg = Debug|Any CPU
		{1E35DF2E-BBA2-495C-A0FD-CD36D7C9AB55}.Debug|Any CPU.Build.0 = Debug|Any CPU
		{1E35DF2E-BBA2-495C-A0FD-CD36D7C9AB55}.Release|Any CPU.ActiveCfg = Release|Any CPU
		{1E35DF2E-BBA2-495C-A0FD-CD36D7C9AB55}.Release|Any CPU.Build.0 = Release|Any CPU
		{736875F4-5B3F-4726-A43F-9143CC8F390A}.Debug|Any CPU.ActiveCfg = Debug|Any CPU
		{736875F4-5B3F-4726-A43F-9143CC8F390A}.Debug|Any CPU.Build.0 = Debug|Any CPU
		{736875F4-5B3F-4726-A43F-9143CC8F390A}.Release|Any CPU.ActiveCfg = Release|Any CPU
		{736875F4-5B3F-4726-A43F-9143CC8F390A}.Release|Any CPU.Build.0 = Release|Any CPU
	EndGlobalSection
	GlobalSection(SolutionProperties) = preSolution
		HideSolutionNode = FALSE
	EndGlobalSection
	GlobalSection(ExtensibilityGlobals) = postSolution
		SolutionGuid = {D39DAE1E-B6D5-42A5-A47E-5019C1179382}
	EndGlobalSection
EndGlobal
